// !$*UTF8*$!
{
	archiveVersion = 1;
	classes = {
	};
	objectVersion = 54;
	objects = {

/* Begin PBXBuildFile section */
		12D611A127D7690100B87AED /* naurtSDK.a in Frameworks */ = {isa = PBXBuildFile; fileRef = 12D611A027D7690100B87AED /* naurtSDK.a */; };
		12D611BD27D76F3100B87AED /* arm64-apple-ios.swiftdoc in Resources */ = {isa = PBXBuildFile; fileRef = 12D611B627D76F3100B87AED /* arm64-apple-ios.swiftdoc */; };
		12D611BE27D76F3100B87AED /* arm64.swiftmodule in Resources */ = {isa = PBXBuildFile; fileRef = 12D611B727D76F3100B87AED /* arm64.swiftmodule */; };
		12D611BF27D76F3100B87AED /* arm64-apple-ios.swiftsourceinfo in Resources */ = {isa = PBXBuildFile; fileRef = 12D611B927D76F3100B87AED /* arm64-apple-ios.swiftsourceinfo */; };
		12D611C027D76F3100B87AED /* arm64.swiftsourceinfo in Resources */ = {isa = PBXBuildFile; fileRef = 12D611BA27D76F3100B87AED /* arm64.swiftsourceinfo */; };
		12D611C127D76F3100B87AED /* arm64-apple-ios.swiftmodule in Resources */ = {isa = PBXBuildFile; fileRef = 12D611BB27D76F3100B87AED /* arm64-apple-ios.swiftmodule */; };
		12D611C227D76F3100B87AED /* arm64.swiftdoc in Resources */ = {isa = PBXBuildFile; fileRef = 12D611BC27D76F3100B87AED /* arm64.swiftdoc */; };
		13B07FBC1A68108700A75B9A /* AppDelegate.m in Sources */ = {isa = PBXBuildFile; fileRef = 13B07FB01A68108700A75B9A /* AppDelegate.m */; };
		13B07FBF1A68108700A75B9A /* Images.xcassets in Resources */ = {isa = PBXBuildFile; fileRef = 13B07FB51A68108700A75B9A /* Images.xcassets */; };
		13B07FC11A68108700A75B9A /* main.m in Sources */ = {isa = PBXBuildFile; fileRef = 13B07FB71A68108700A75B9A /* main.m */; };
		81AB9BB82411601600AC10FF /* LaunchScreen.storyboard in Resources */ = {isa = PBXBuildFile; fileRef = 81AB9BB72411601600AC10FF /* LaunchScreen.storyboard */; };
		A579575DFD74803357EEA3F6 /* libPods-naurt_react_native_typescript.a in Frameworks */ = {isa = PBXBuildFile; fileRef = 4509178CB813EA05A51D0B24 /* libPods-naurt_react_native_typescript.a */; };
		B24835CB27D8C59D00DC338D /* RCTNaurtModule.m in Sources */ = {isa = PBXBuildFile; fileRef = B24835CA27D8C59D00DC338D /* RCTNaurtModule.m */; };
		B2521BFE27DB5B0200A71303 /* Zip in Frameworks */ = {isa = PBXBuildFile; productRef = B2521BFD27DB5B0200A71303 /* Zip */; };
		B2721E8027DA131400ACBEAE /* RCTNaurtModule.swift in Sources */ = {isa = PBXBuildFile; fileRef = B2721E7F27DA131400ACBEAE /* RCTNaurtModule.swift */; };
		B2B761B827D63B4A0076B7F9 /* libresolv.tbd in Frameworks */ = {isa = PBXBuildFile; fileRef = B2B761B727D63B4A0076B7F9 /* libresolv.tbd */; };
/* End PBXBuildFile section */

/* Begin PBXFileReference section */
		12D611A027D7690100B87AED /* naurtSDK.a */ = {isa = PBXFileReference; lastKnownFileType = archive.ar; path = naurtSDK.a; sourceTree = "<group>"; };
		12D611B627D76F3100B87AED /* arm64-apple-ios.swiftdoc */ = {isa = PBXFileReference; lastKnownFileType = file; path = "arm64-apple-ios.swiftdoc"; sourceTree = "<group>"; };
		12D611B727D76F3100B87AED /* arm64.swiftmodule */ = {isa = PBXFileReference; lastKnownFileType = file; path = arm64.swiftmodule; sourceTree = "<group>"; };
		12D611B927D76F3100B87AED /* arm64-apple-ios.swiftsourceinfo */ = {isa = PBXFileReference; lastKnownFileType = file; path = "arm64-apple-ios.swiftsourceinfo"; sourceTree = "<group>"; };
		12D611BA27D76F3100B87AED /* arm64.swiftsourceinfo */ = {isa = PBXFileReference; lastKnownFileType = file; path = arm64.swiftsourceinfo; sourceTree = "<group>"; };
		12D611BB27D76F3100B87AED /* arm64-apple-ios.swiftmodule */ = {isa = PBXFileReference; lastKnownFileType = file; path = "arm64-apple-ios.swiftmodule"; sourceTree = "<group>"; };
		12D611BC27D76F3100B87AED /* arm64.swiftdoc */ = {isa = PBXFileReference; lastKnownFileType = file; path = arm64.swiftdoc; sourceTree = "<group>"; };
		13B07F961A680F5B00A75B9A /* naurt_react_native_typescript.app */ = {isa = PBXFileReference; explicitFileType = wrapper.application; includeInIndex = 0; path = naurt_react_native_typescript.app; sourceTree = BUILT_PRODUCTS_DIR; };
		13B07FAF1A68108700A75B9A /* AppDelegate.h */ = {isa = PBXFileReference; fileEncoding = 4; lastKnownFileType = sourcecode.c.h; name = AppDelegate.h; path = naurt_react_native_typescript/AppDelegate.h; sourceTree = "<group>"; };
		13B07FB01A68108700A75B9A /* AppDelegate.m */ = {isa = PBXFileReference; fileEncoding = 4; lastKnownFileType = sourcecode.c.objc; name = AppDelegate.m; path = naurt_react_native_typescript/AppDelegate.m; sourceTree = "<group>"; };
		13B07FB51A68108700A75B9A /* Images.xcassets */ = {isa = PBXFileReference; lastKnownFileType = folder.assetcatalog; name = Images.xcassets; path = naurt_react_native_typescript/Images.xcassets; sourceTree = "<group>"; };
		13B07FB61A68108700A75B9A /* Info.plist */ = {isa = PBXFileReference; fileEncoding = 4; lastKnownFileType = text.plist.xml; name = Info.plist; path = naurt_react_native_typescript/Info.plist; sourceTree = "<group>"; };
		13B07FB71A68108700A75B9A /* main.m */ = {isa = PBXFileReference; fileEncoding = 4; lastKnownFileType = sourcecode.c.objc; name = main.m; path = naurt_react_native_typescript/main.m; sourceTree = "<group>"; };
		16755C804F45F58B7C9BAFD6 /* Pods-naurt_react_native_typescript.release.xcconfig */ = {isa = PBXFileReference; includeInIndex = 1; lastKnownFileType = text.xcconfig; name = "Pods-naurt_react_native_typescript.release.xcconfig"; path = "Target Support Files/Pods-naurt_react_native_typescript/Pods-naurt_react_native_typescript.release.xcconfig"; sourceTree = "<group>"; };
		4509178CB813EA05A51D0B24 /* libPods-naurt_react_native_typescript.a */ = {isa = PBXFileReference; explicitFileType = archive.ar; includeInIndex = 0; path = "libPods-naurt_react_native_typescript.a"; sourceTree = BUILT_PRODUCTS_DIR; };
		81AB9BB72411601600AC10FF /* LaunchScreen.storyboard */ = {isa = PBXFileReference; fileEncoding = 4; lastKnownFileType = file.storyboard; name = LaunchScreen.storyboard; path = naurt_react_native_typescript/LaunchScreen.storyboard; sourceTree = "<group>"; };
		B24835CA27D8C59D00DC338D /* RCTNaurtModule.m */ = {isa = PBXFileReference; lastKnownFileType = sourcecode.c.objc; path = RCTNaurtModule.m; sourceTree = "<group>"; };
		B2521C0327DB6BBB00A71303 /* RCTNaurtModule.h */ = {isa = PBXFileReference; lastKnownFileType = sourcecode.c.h; path = RCTNaurtModule.h; sourceTree = "<group>"; };
		B2721E7F27DA131400ACBEAE /* RCTNaurtModule.swift */ = {isa = PBXFileReference; lastKnownFileType = sourcecode.swift; path = RCTNaurtModule.swift; sourceTree = "<group>"; };
		B27D4D2C27DA912800FD521A /* RCTNaurtModule.modulemap */ = {isa = PBXFileReference; lastKnownFileType = "sourcecode.module-map"; path = RCTNaurtModule.modulemap; sourceTree = "<group>"; };
		B2B761B727D63B4A0076B7F9 /* libresolv.tbd */ = {isa = PBXFileReference; lastKnownFileType = "sourcecode.text-based-dylib-definition"; name = libresolv.tbd; path = usr/lib/libresolv.tbd; sourceTree = SDKROOT; };
		ED242FEBE9327C7F3CD00616 /* Pods-naurt_react_native_typescript.debug.xcconfig */ = {isa = PBXFileReference; includeInIndex = 1; lastKnownFileType = text.xcconfig; name = "Pods-naurt_react_native_typescript.debug.xcconfig"; path = "Target Support Files/Pods-naurt_react_native_typescript/Pods-naurt_react_native_typescript.debug.xcconfig"; sourceTree = "<group>"; };
		ED297162215061F000B7C4FE /* JavaScriptCore.framework */ = {isa = PBXFileReference; lastKnownFileType = wrapper.framework; name = JavaScriptCore.framework; path = System/Library/Frameworks/JavaScriptCore.framework; sourceTree = SDKROOT; };
/* End PBXFileReference section */

/* Begin PBXFrameworksBuildPhase section */
		13B07F8C1A680F5B00A75B9A /* Frameworks */ = {
			isa = PBXFrameworksBuildPhase;
			buildActionMask = 2147483647;
			files = (
				B2B761B827D63B4A0076B7F9 /* libresolv.tbd in Frameworks */,
				12D611A127D7690100B87AED /* naurtSDK.a in Frameworks */,
				B2521BFE27DB5B0200A71303 /* Zip in Frameworks */,
				A579575DFD74803357EEA3F6 /* libPods-naurt_react_native_typescript.a in Frameworks */,
			);
			runOnlyForDeploymentPostprocessing = 0;
		};
/* End PBXFrameworksBuildPhase section */

/* Begin PBXGroup section */
		12D611B527D76F3100B87AED /* Naurt_SDK.swiftmodule */ = {
			isa = PBXGroup;
			children = (
				12D611B627D76F3100B87AED /* arm64-apple-ios.swiftdoc */,
				12D611B727D76F3100B87AED /* arm64.swiftmodule */,
				12D611B827D76F3100B87AED /* Project */,
				12D611BB27D76F3100B87AED /* arm64-apple-ios.swiftmodule */,
				12D611BC27D76F3100B87AED /* arm64.swiftdoc */,
			);
			path = Naurt_SDK.swiftmodule;
			sourceTree = "<group>";
		};
		12D611B827D76F3100B87AED /* Project */ = {
			isa = PBXGroup;
			children = (
				12D611B927D76F3100B87AED /* arm64-apple-ios.swiftsourceinfo */,
				12D611BA27D76F3100B87AED /* arm64.swiftsourceinfo */,
			);
			path = Project;
			sourceTree = "<group>";
		};
		13B07FAE1A68108700A75B9A /* naurt_react_native_typescript */ = {
			isa = PBXGroup;
			children = (
				B25EFC6A27DA55DF00995ED3 /* include */,
				13B07FAF1A68108700A75B9A /* AppDelegate.h */,
				13B07FB01A68108700A75B9A /* AppDelegate.m */,
				13B07FB51A68108700A75B9A /* Images.xcassets */,
				13B07FB61A68108700A75B9A /* Info.plist */,
				81AB9BB72411601600AC10FF /* LaunchScreen.storyboard */,
				13B07FB71A68108700A75B9A /* main.m */,
				B24835CA27D8C59D00DC338D /* RCTNaurtModule.m */,
				B2721E7F27DA131400ACBEAE /* RCTNaurtModule.swift */,
				B27D4D2C27DA912800FD521A /* RCTNaurtModule.modulemap */,
				B2521C0327DB6BBB00A71303 /* RCTNaurtModule.h */,
			);
			name = naurt_react_native_typescript;
			sourceTree = "<group>";
		};
		2D16E6871FA4F8E400B85C8A /* Frameworks */ = {
			isa = PBXGroup;
			children = (
				B2B761B727D63B4A0076B7F9 /* libresolv.tbd */,
				ED297162215061F000B7C4FE /* JavaScriptCore.framework */,
				4509178CB813EA05A51D0B24 /* libPods-naurt_react_native_typescript.a */,
			);
			name = Frameworks;
			sourceTree = "<group>";
		};
		832341AE1AAA6A7D00B99B32 /* Libraries */ = {
			isa = PBXGroup;
			children = (
			);
			name = Libraries;
			sourceTree = "<group>";
		};
		83CBB9F61A601CBA00E9B192 = {
			isa = PBXGroup;
			children = (
				13B07FAE1A68108700A75B9A /* naurt_react_native_typescript */,
				832341AE1AAA6A7D00B99B32 /* Libraries */,
				83CBBA001A601CBA00E9B192 /* Products */,
				2D16E6871FA4F8E400B85C8A /* Frameworks */,
				E231AFDFC3E019BE3598F165 /* Pods */,
			);
			indentWidth = 2;
			sourceTree = "<group>";
			tabWidth = 2;
			usesTabs = 0;
		};
		83CBBA001A601CBA00E9B192 /* Products */ = {
			isa = PBXGroup;
			children = (
				13B07F961A680F5B00A75B9A /* naurt_react_native_typescript.app */,
			);
			name = Products;
			sourceTree = "<group>";
		};
		B25EFC6A27DA55DF00995ED3 /* include */ = {
			isa = PBXGroup;
			children = (
				B25EFC6B27DA55E700995ED3 /* naurt */,
			);
			path = include;
			sourceTree = "<group>";
		};
		B25EFC6B27DA55E700995ED3 /* naurt */ = {
			isa = PBXGroup;
			children = (
				12D611A027D7690100B87AED /* naurtSDK.a */,
				12D611B527D76F3100B87AED /* Naurt_SDK.swiftmodule */,
			);
			path = naurt;
			sourceTree = "<group>";
		};
		E231AFDFC3E019BE3598F165 /* Pods */ = {
			isa = PBXGroup;
			children = (
				ED242FEBE9327C7F3CD00616 /* Pods-naurt_react_native_typescript.debug.xcconfig */,
				16755C804F45F58B7C9BAFD6 /* Pods-naurt_react_native_typescript.release.xcconfig */,
			);
			path = Pods;
			sourceTree = "<group>";
		};
/* End PBXGroup section */

/* Begin PBXNativeTarget section */
		13B07F861A680F5B00A75B9A /* naurt_react_native_typescript */ = {
			isa = PBXNativeTarget;
			buildConfigurationList = 13B07F931A680F5B00A75B9A /* Build configuration list for PBXNativeTarget "naurt_react_native_typescript" */;
			buildPhases = (
				972ECD3C3EBD7790449327B6 /* [CP] Check Pods Manifest.lock */,
				FD10A7F022414F080027D42C /* Start Packager */,
				13B07F871A680F5B00A75B9A /* Sources */,
				13B07F8C1A680F5B00A75B9A /* Frameworks */,
				13B07F8E1A680F5B00A75B9A /* Resources */,
				00DD1BFF1BD5951E006B06BC /* Bundle React Native code and images */,
				90BC82EF7C5C7CD11B4EF795 /* [CP] Embed Pods Frameworks */,
				772A706FF451E43DD3A192E0 /* [CP] Copy Pods Resources */,
			);
			buildRules = (
			);
			dependencies = (
				B2521C0227DB612500A71303 /* PBXTargetDependency */,
			);
			name = naurt_react_native_typescript;
			packageProductDependencies = (
				B2521BFD27DB5B0200A71303 /* Zip */,
			);
			productName = naurt_react_native_typescript;
			productReference = 13B07F961A680F5B00A75B9A /* naurt_react_native_typescript.app */;
			productType = "com.apple.product-type.application";
		};
/* End PBXNativeTarget section */

/* Begin PBXProject section */
		83CBB9F71A601CBA00E9B192 /* Project object */ = {
			isa = PBXProject;
			attributes = {
				LastUpgradeCheck = 1310;
				TargetAttributes = {
					13B07F861A680F5B00A75B9A = {
						LastSwiftMigration = 1310;
					};
				};
			};
			buildConfigurationList = 83CBB9FA1A601CBA00E9B192 /* Build configuration list for PBXProject "naurt_react_native_typescript" */;
			compatibilityVersion = "Xcode 12.0";
			developmentRegion = en;
			hasScannedForEncodings = 0;
			knownRegions = (
				en,
				Base,
			);
			mainGroup = 83CBB9F61A601CBA00E9B192;
			packageReferences = (
				B2521BFC27DB5B0200A71303 /* XCRemoteSwiftPackageReference "Zip" */,
			);
			productRefGroup = 83CBBA001A601CBA00E9B192 /* Products */;
			projectDirPath = "";
			projectRoot = "";
			targets = (
				13B07F861A680F5B00A75B9A /* naurt_react_native_typescript */,
			);
		};
/* End PBXProject section */

/* Begin PBXResourcesBuildPhase section */
		13B07F8E1A680F5B00A75B9A /* Resources */ = {
			isa = PBXResourcesBuildPhase;
			buildActionMask = 2147483647;
			files = (
				12D611C127D76F3100B87AED /* arm64-apple-ios.swiftmodule in Resources */,
				12D611C227D76F3100B87AED /* arm64.swiftdoc in Resources */,
				12D611BE27D76F3100B87AED /* arm64.swiftmodule in Resources */,
				81AB9BB82411601600AC10FF /* LaunchScreen.storyboard in Resources */,
				12D611BD27D76F3100B87AED /* arm64-apple-ios.swiftdoc in Resources */,
				13B07FBF1A68108700A75B9A /* Images.xcassets in Resources */,
				12D611BF27D76F3100B87AED /* arm64-apple-ios.swiftsourceinfo in Resources */,
				12D611C027D76F3100B87AED /* arm64.swiftsourceinfo in Resources */,
			);
			runOnlyForDeploymentPostprocessing = 0;
		};
/* End PBXResourcesBuildPhase section */

/* Begin PBXShellScriptBuildPhase section */
		00DD1BFF1BD5951E006B06BC /* Bundle React Native code and images */ = {
			isa = PBXShellScriptBuildPhase;
			buildActionMask = 2147483647;
			files = (
			);
			inputPaths = (
			);
			name = "Bundle React Native code and images";
			outputPaths = (
			);
			runOnlyForDeploymentPostprocessing = 0;
			shellPath = /bin/sh;
			shellScript = "set -e\n\nexport NODE_BINARY=node\n../node_modules/react-native/scripts/react-native-xcode.sh\n";
		};
		772A706FF451E43DD3A192E0 /* [CP] Copy Pods Resources */ = {
			isa = PBXShellScriptBuildPhase;
			buildActionMask = 2147483647;
			files = (
			);
			inputFileListPaths = (
				"${PODS_ROOT}/Target Support Files/Pods-naurt_react_native_typescript/Pods-naurt_react_native_typescript-resources-${CONFIGURATION}-input-files.xcfilelist",
			);
			name = "[CP] Copy Pods Resources";
			outputFileListPaths = (
				"${PODS_ROOT}/Target Support Files/Pods-naurt_react_native_typescript/Pods-naurt_react_native_typescript-resources-${CONFIGURATION}-output-files.xcfilelist",
			);
			runOnlyForDeploymentPostprocessing = 0;
			shellPath = /bin/sh;
			shellScript = "\"${PODS_ROOT}/Target Support Files/Pods-naurt_react_native_typescript/Pods-naurt_react_native_typescript-resources.sh\"\n";
			showEnvVarsInLog = 0;
		};
		90BC82EF7C5C7CD11B4EF795 /* [CP] Embed Pods Frameworks */ = {
			isa = PBXShellScriptBuildPhase;
			buildActionMask = 2147483647;
			files = (
			);
			inputFileListPaths = (
				"${PODS_ROOT}/Target Support Files/Pods-naurt_react_native_typescript/Pods-naurt_react_native_typescript-frameworks-${CONFIGURATION}-input-files.xcfilelist",
			);
			name = "[CP] Embed Pods Frameworks";
			outputFileListPaths = (
				"${PODS_ROOT}/Target Support Files/Pods-naurt_react_native_typescript/Pods-naurt_react_native_typescript-frameworks-${CONFIGURATION}-output-files.xcfilelist",
			);
			runOnlyForDeploymentPostprocessing = 0;
			shellPath = /bin/sh;
			shellScript = "\"${PODS_ROOT}/Target Support Files/Pods-naurt_react_native_typescript/Pods-naurt_react_native_typescript-frameworks.sh\"\n";
			showEnvVarsInLog = 0;
		};
		972ECD3C3EBD7790449327B6 /* [CP] Check Pods Manifest.lock */ = {
			isa = PBXShellScriptBuildPhase;
			buildActionMask = 2147483647;
			files = (
			);
			inputFileListPaths = (
			);
			inputPaths = (
				"${PODS_PODFILE_DIR_PATH}/Podfile.lock",
				"${PODS_ROOT}/Manifest.lock",
			);
			name = "[CP] Check Pods Manifest.lock";
			outputFileListPaths = (
			);
			outputPaths = (
				"$(DERIVED_FILE_DIR)/Pods-naurt_react_native_typescript-checkManifestLockResult.txt",
			);
			runOnlyForDeploymentPostprocessing = 0;
			shellPath = /bin/sh;
			shellScript = "diff \"${PODS_PODFILE_DIR_PATH}/Podfile.lock\" \"${PODS_ROOT}/Manifest.lock\" > /dev/null\nif [ $? != 0 ] ; then\n    # print error to STDERR\n    echo \"error: The sandbox is not in sync with the Podfile.lock. Run 'pod install' or update your CocoaPods installation.\" >&2\n    exit 1\nfi\n# This output is used by Xcode 'outputs' to avoid re-running this script phase.\necho \"SUCCESS\" > \"${SCRIPT_OUTPUT_FILE_0}\"\n";
			showEnvVarsInLog = 0;
		};
		FD10A7F022414F080027D42C /* Start Packager */ = {
			isa = PBXShellScriptBuildPhase;
			buildActionMask = 2147483647;
			files = (
			);
			inputFileListPaths = (
			);
			inputPaths = (
			);
			name = "Start Packager";
			outputFileListPaths = (
			);
			outputPaths = (
			);
			runOnlyForDeploymentPostprocessing = 0;
			shellPath = /bin/sh;
			shellScript = "export RCT_METRO_PORT=\"${RCT_METRO_PORT:=8081}\"\necho \"export RCT_METRO_PORT=${RCT_METRO_PORT}\" > \"${SRCROOT}/../node_modules/react-native/scripts/.packager.env\"\nif [ -z \"${RCT_NO_LAUNCH_PACKAGER+xxx}\" ] ; then\n  if nc -w 5 -z localhost ${RCT_METRO_PORT} ; then\n    if ! curl -s \"http://localhost:${RCT_METRO_PORT}/status\" | grep -q \"packager-status:running\" ; then\n      echo \"Port ${RCT_METRO_PORT} already in use, packager is either not running or not running correctly\"\n      exit 2\n    fi\n  else\n    open \"$SRCROOT/../node_modules/react-native/scripts/launchPackager.command\" || echo \"Can't start packager automatically\"\n  fi\nfi\n";
			showEnvVarsInLog = 0;
		};
/* End PBXShellScriptBuildPhase section */

/* Begin PBXSourcesBuildPhase section */
		13B07F871A680F5B00A75B9A /* Sources */ = {
			isa = PBXSourcesBuildPhase;
			buildActionMask = 2147483647;
			files = (
				B2721E8027DA131400ACBEAE /* RCTNaurtModule.swift in Sources */,
				B24835CB27D8C59D00DC338D /* RCTNaurtModule.m in Sources */,
				13B07FBC1A68108700A75B9A /* AppDelegate.m in Sources */,
				13B07FC11A68108700A75B9A /* main.m in Sources */,
			);
			runOnlyForDeploymentPostprocessing = 0;
		};
/* End PBXSourcesBuildPhase section */

/* Begin PBXTargetDependency section */
		B2521C0227DB612500A71303 /* PBXTargetDependency */ = {
			isa = PBXTargetDependency;
			productRef = B2521C0127DB612500A71303 /* Zip */;
		};
/* End PBXTargetDependency section */

/* Begin XCBuildConfiguration section */
		13B07F941A680F5B00A75B9A /* Debug */ = {
			isa = XCBuildConfiguration;
			baseConfigurationReference = ED242FEBE9327C7F3CD00616 /* Pods-naurt_react_native_typescript.debug.xcconfig */;
			buildSettings = {
				APPLY_RULES_IN_COPY_HEADERS = YES;
				ASSETCATALOG_COMPILER_APPICON_NAME = AppIcon;
				BUILD_LIBRARY_FOR_DISTRIBUTION = YES;
				CLANG_ALLOW_NON_MODULAR_INCLUDES_IN_FRAMEWORK_MODULES = NO;
				CLANG_ENABLE_MODULES = YES;
				CURRENT_PROJECT_VERSION = 1;
				ENABLE_BITCODE = YES;
				FRAMEWORK_SEARCH_PATHS = "$(inherited)";
				INFOPLIST_FILE = naurt_react_native_typescript/Info.plist;
				IPHONEOS_DEPLOYMENT_TARGET = 15.0;
				LD_RUNPATH_SEARCH_PATHS = (
					"$(inherited)",
					"@executable_path/Frameworks",
				);
				LIBRARY_SEARCH_PATHS = (
					"$(PROJECT_DIR)",
					"\"$(SDKROOT)/usr/lib/swift\"",
					"\"$(TOOLCHAIN_DIR)/usr/lib/swift/$(PLATFORM_NAME)\"",
					"$(inherited)",
					"$(SRCROOT)/**",
					"\"$(PROJECT_DIR)\"/**",
					"$(PROJECT_DIR)/**",
				);
				ONLY_ACTIVE_ARCH = NO;
				OTHER_LDFLAGS = (
					"$(inherited)",
					"-lc++",
				);
				PRODUCT_BUNDLE_IDENTIFIER = "org.reactjs.native.example.$(PRODUCT_NAME:rfc1034identifier)";
				PRODUCT_NAME = naurt_react_native_typescript;
				SWIFT_INCLUDE_PATHS = "$(inherited) \"${PODS_CONFIGURATION_BUILD_DIR}/YogaKit\" $(PROJECT_DIR) $(SRCROOT)/include/naurt";
				SWIFT_OPTIMIZATION_LEVEL = "-Onone";
				SWIFT_PRECOMPILE_BRIDGING_HEADER = YES;
				SWIFT_VERSION = 5.0;
				SYSTEM_FRAMEWORK_SEARCH_PATHS = (
					"$(PROJECT_DIR)",
					"$(SRCROOT)/include/**",
				);
				TARGETED_DEVICE_FAMILY = "1,2";
				VERSIONING_SYSTEM = "apple-generic";
			};
			name = Debug;
		};
		13B07F951A680F5B00A75B9A /* Release */ = {
			isa = XCBuildConfiguration;
			baseConfigurationReference = 16755C804F45F58B7C9BAFD6 /* Pods-naurt_react_native_typescript.release.xcconfig */;
			buildSettings = {
				APPLY_RULES_IN_COPY_HEADERS = YES;
				ASSETCATALOG_COMPILER_APPICON_NAME = AppIcon;
				BUILD_LIBRARY_FOR_DISTRIBUTION = YES;
				CLANG_ALLOW_NON_MODULAR_INCLUDES_IN_FRAMEWORK_MODULES = NO;
				CLANG_ENABLE_MODULES = YES;
				CURRENT_PROJECT_VERSION = 1;
				ENABLE_BITCODE = YES;
				FRAMEWORK_SEARCH_PATHS = "$(inherited)";
				INFOPLIST_FILE = naurt_react_native_typescript/Info.plist;
				IPHONEOS_DEPLOYMENT_TARGET = 15.0;
				LD_RUNPATH_SEARCH_PATHS = (
					"$(inherited)",
					"@executable_path/Frameworks",
				);
				LIBRARY_SEARCH_PATHS = (
					"$(PROJECT_DIR)",
					"\"$(SDKROOT)/usr/lib/swift\"",
					"\"$(TOOLCHAIN_DIR)/usr/lib/swift/$(PLATFORM_NAME)\"",
					"$(inherited)",
					"$(SRCROOT)",
					"\"$(PROJECT_DIR)\"/**",
				);
				ONLY_ACTIVE_ARCH = NO;
				OTHER_LDFLAGS = (
					"$(inherited)",
					"-lc++",
				);
				PRODUCT_BUNDLE_IDENTIFIER = "org.reactjs.native.example.$(PRODUCT_NAME:rfc1034identifier)";
				PRODUCT_NAME = naurt_react_native_typescript;
				SWIFT_INCLUDE_PATHS = "$(inherited) \"${PODS_CONFIGURATION_BUILD_DIR}/YogaKit\" $(PROJECT_DIR) $(SRCROOT)/include/naurt";
				SWIFT_PRECOMPILE_BRIDGING_HEADER = YES;
				SWIFT_VERSION = 5.0;
				SYSTEM_FRAMEWORK_SEARCH_PATHS = (
					"$(PROJECT_DIR)",
					"$(SRCROOT)/include/**",
				);
				TARGETED_DEVICE_FAMILY = "1,2";
				VERSIONING_SYSTEM = "apple-generic";
			};
			name = Release;
		};
		83CBBA201A601CBA00E9B192 /* Debug */ = {
			isa = XCBuildConfiguration;
			buildSettings = {
				ALWAYS_SEARCH_USER_PATHS = NO;
				BUILD_LIBRARY_FOR_DISTRIBUTION = YES;
				CLANG_ADDRESS_SANITIZER_CONTAINER_OVERFLOW = YES;
				CLANG_ANALYZER_LOCALIZABILITY_NONLOCALIZED = YES;
				CLANG_CXX_LANGUAGE_STANDARD = "compiler-default";
				CLANG_CXX_LIBRARY = "compiler-default";
				CLANG_ENABLE_MODULES = YES;
				CLANG_ENABLE_OBJC_ARC = YES;
				CLANG_WARN_BLOCK_CAPTURE_AUTORELEASING = YES;
				CLANG_WARN_BOOL_CONVERSION = YES;
				CLANG_WARN_COMMA = YES;
				CLANG_WARN_CONSTANT_CONVERSION = YES;
				CLANG_WARN_DEPRECATED_OBJC_IMPLEMENTATIONS = YES;
				CLANG_WARN_DIRECT_OBJC_ISA_USAGE = YES_ERROR;
				CLANG_WARN_EMPTY_BODY = YES;
				CLANG_WARN_ENUM_CONVERSION = YES;
				CLANG_WARN_INFINITE_RECURSION = YES;
				CLANG_WARN_INT_CONVERSION = YES;
				CLANG_WARN_NON_LITERAL_NULL_CONVERSION = YES;
				CLANG_WARN_OBJC_IMPLICIT_RETAIN_SELF = YES;
				CLANG_WARN_OBJC_LITERAL_CONVERSION = YES;
				CLANG_WARN_OBJC_ROOT_CLASS = YES_ERROR;
				CLANG_WARN_QUOTED_INCLUDE_IN_FRAMEWORK_HEADER = YES;
				CLANG_WARN_RANGE_LOOP_ANALYSIS = YES;
				CLANG_WARN_STRICT_PROTOTYPES = YES;
				CLANG_WARN_SUSPICIOUS_MOVE = YES;
				CLANG_WARN_UNREACHABLE_CODE = YES;
				CLANG_WARN__DUPLICATE_METHOD_MATCH = YES;
				"CODE_SIGN_IDENTITY[sdk=iphoneos*]" = "iPhone Developer";
				COPY_PHASE_STRIP = NO;
				DEVELOPMENT_TEAM = JY56PWCR3Q;
				ENABLE_STRICT_OBJC_MSGSEND = YES;
				ENABLE_TESTABILITY = NO;
				FRAMEWORK_SEARCH_PATHS = "$(PROJECTDIR)/**";
				GCC_C_LANGUAGE_STANDARD = "compiler-default";
				GCC_DYNAMIC_NO_PIC = NO;
				GCC_NO_COMMON_BLOCKS = YES;
				GCC_OPTIMIZATION_LEVEL = 0;
				GCC_PREPROCESSOR_DEFINITIONS = (
					"DEBUG=1",
					"$(inherited)",
				);
				GCC_SYMBOLS_PRIVATE_EXTERN = NO;
				GCC_WARN_64_TO_32_BIT_CONVERSION = YES;
				GCC_WARN_ABOUT_RETURN_TYPE = YES_ERROR;
				GCC_WARN_UNDECLARED_SELECTOR = YES;
				GCC_WARN_UNINITIALIZED_AUTOS = YES_AGGRESSIVE;
				GCC_WARN_UNUSED_FUNCTION = YES;
				GCC_WARN_UNUSED_VARIABLE = YES;
				HEADER_SEARCH_PATHS = "$(PROJECTDIR)/**";
				IPHONEOS_DEPLOYMENT_TARGET = 13.4;
				LD_RUNPATH_SEARCH_PATHS = (
					/usr/lib/swift,
					"$(inherited)",
				);
				LIBRARY_SEARCH_PATHS = (
					"\"$(SDKROOT)/usr/lib/swift\"",
					"\"$(inherited)\"",
					"\"$(TOOLCHAIN_DIR)/usr/lib/swift/$(PLATFORM_NAME)\"",
					"$(PROJECTDIR)/**",
				);
				LLVM_LTO = YES_THIN;
				MACH_O_TYPE = mh_execute;
				MTL_ENABLE_DEBUG_INFO = YES;
				ONLY_ACTIVE_ARCH = YES;
				SDKROOT = iphoneos;
				SWIFT_INCLUDE_PATHS = "";
				SWIFT_OBJC_BRIDGING_HEADER = "";
				SWIFT_VERSION = 5.0;
			};
			name = Debug;
		};
		83CBBA211A601CBA00E9B192 /* Release */ = {
			isa = XCBuildConfiguration;
			buildSettings = {
				ALWAYS_SEARCH_USER_PATHS = NO;
				BUILD_LIBRARY_FOR_DISTRIBUTION = YES;
				CLANG_ADDRESS_SANITIZER_CONTAINER_OVERFLOW = YES;
				CLANG_ANALYZER_LOCALIZABILITY_NONLOCALIZED = YES;
				CLANG_CXX_LANGUAGE_STANDARD = "compiler-default";
				CLANG_CXX_LIBRARY = "compiler-default";
				CLANG_ENABLE_MODULES = YES;
				CLANG_ENABLE_OBJC_ARC = YES;
				CLANG_WARN_BLOCK_CAPTURE_AUTORELEASING = YES;
				CLANG_WARN_BOOL_CONVERSION = YES;
				CLANG_WARN_COMMA = YES;
				CLANG_WARN_CONSTANT_CONVERSION = YES;
				CLANG_WARN_DEPRECATED_OBJC_IMPLEMENTATIONS = YES;
				CLANG_WARN_DIRECT_OBJC_ISA_USAGE = YES_ERROR;
				CLANG_WARN_EMPTY_BODY = YES;
				CLANG_WARN_ENUM_CONVERSION = YES;
				CLANG_WARN_INFINITE_RECURSION = YES;
				CLANG_WARN_INT_CONVERSION = YES;
				CLANG_WARN_NON_LITERAL_NULL_CONVERSION = YES;
				CLANG_WARN_OBJC_IMPLICIT_RETAIN_SELF = YES;
				CLANG_WARN_OBJC_LITERAL_CONVERSION = YES;
				CLANG_WARN_OBJC_ROOT_CLASS = YES_ERROR;
				CLANG_WARN_QUOTED_INCLUDE_IN_FRAMEWORK_HEADER = YES;
				CLANG_WARN_RANGE_LOOP_ANALYSIS = YES;
				CLANG_WARN_STRICT_PROTOTYPES = YES;
				CLANG_WARN_SUSPICIOUS_MOVE = YES;
				CLANG_WARN_UNREACHABLE_CODE = YES;
				CLANG_WARN__DUPLICATE_METHOD_MATCH = YES;
				"CODE_SIGN_IDENTITY[sdk=iphoneos*]" = "iPhone Developer";
				COPY_PHASE_STRIP = YES;
				DEVELOPMENT_TEAM = JY56PWCR3Q;
				ENABLE_NS_ASSERTIONS = NO;
				ENABLE_STRICT_OBJC_MSGSEND = YES;
				FRAMEWORK_SEARCH_PATHS = "$(PROJECTDIR)/**";
				GCC_C_LANGUAGE_STANDARD = "compiler-default";
				GCC_NO_COMMON_BLOCKS = YES;
				GCC_WARN_64_TO_32_BIT_CONVERSION = YES;
				GCC_WARN_ABOUT_RETURN_TYPE = YES_ERROR;
				GCC_WARN_UNDECLARED_SELECTOR = YES;
				GCC_WARN_UNINITIALIZED_AUTOS = YES_AGGRESSIVE;
				GCC_WARN_UNUSED_FUNCTION = YES;
				GCC_WARN_UNUSED_VARIABLE = YES;
				HEADER_SEARCH_PATHS = "$(PROJECTDIR)/**";
				IPHONEOS_DEPLOYMENT_TARGET = 13.4;
				LD_RUNPATH_SEARCH_PATHS = (
					/usr/lib/swift,
					"$(inherited)",
				);
				LIBRARY_SEARCH_PATHS = (
					"\"$(SDKROOT)/usr/lib/swift\"",
					"\"$(inherited)\"",
					"\"$(TOOLCHAIN_DIR)/usr/lib/swift/$(PLATFORM_NAME)\"",
					"$(PROJECTDIR)/**",
				);
				LLVM_LTO = YES_THIN;
				MACH_O_TYPE = mh_execute;
				MTL_ENABLE_DEBUG_INFO = NO;
				SDKROOT = iphoneos;
				SWIFT_COMPILATION_MODE = singlefile;
				SWIFT_INCLUDE_PATHS = "";
				SWIFT_OBJC_BRIDGING_HEADER = "";
				SWIFT_VERSION = 5.0;
				VALIDATE_PRODUCT = YES;
			};
			name = Release;
		};
/* End XCBuildConfiguration section */

/* Begin XCConfigurationList section */
		13B07F931A680F5B00A75B9A /* Build configuration list for PBXNativeTarget "naurt_react_native_typescript" */ = {
			isa = XCConfigurationList;
			buildConfigurations = (
				13B07F941A680F5B00A75B9A /* Debug */,
				13B07F951A680F5B00A75B9A /* Release */,
			);
			defaultConfigurationIsVisible = 0;
			defaultConfigurationName = Release;
		};
		83CBB9FA1A601CBA00E9B192 /* Build configuration list for PBXProject "naurt_react_native_typescript" */ = {
			isa = XCConfigurationList;
			buildConfigurations = (
				83CBBA201A601CBA00E9B192 /* Debug */,
				83CBBA211A601CBA00E9B192 /* Release */,
			);
			defaultConfigurationIsVisible = 0;
			defaultConfigurationName = Release;
		};
/* End XCConfigurationList section */

/* Begin XCRemoteSwiftPackageReference section */
		B2521BFC27DB5B0200A71303 /* XCRemoteSwiftPackageReference "Zip" */ = {
			isa = XCRemoteSwiftPackageReference;
			repositoryURL = "https://github.com/marmelroy/Zip";
			requirement = {
				branch = master;
				kind = branch;
			};
		};
/* End XCRemoteSwiftPackageReference section */

/* Begin XCSwiftPackageProductDependency section */
		B2521BFD27DB5B0200A71303 /* Zip */ = {
			isa = XCSwiftPackageProductDependency;
			package = B2521BFC27DB5B0200A71303 /* XCRemoteSwiftPackageReference "Zip" */;
			productName = Zip;
		};
		B2521C0127DB612500A71303 /* Zip */ = {
			isa = XCSwiftPackageProductDependency;
			package = B2521BFC27DB5B0200A71303 /* XCRemoteSwiftPackageReference "Zip" */;
			productName = Zip;
		};
/* End XCSwiftPackageProductDependency section */
	};
	rootObject = 83CBB9F71A601CBA00E9B192 /* Project object */;
}
